
Microsoft Visual Studio Solution File, Format Version 12.00
# Visual Studio Version 17
VisualStudioVersion = 17.11.35222.181
MinimumVisualStudioVersion = 10.0.40219.1
Project("{9A19103F-16F7-4668-BE54-9A1E7A4F7556}") = "CompLabs", "CompLabs.csproj", "{48567AC9-C716-477A-AED7-F50F2FFF65B0}"
EndProject
Project("{FAE04EC0-301F-11D3-BF4B-00C04F79EFBC}") = "ClassLibrary", "..\ClassLibrary\ClassLibrary.csproj", "{63B4ACC1-F7EE-49BA-B123-7146F5529B41}"
EndProject
Project("{FAE04EC0-301F-11D3-BF4B-00C04F79EFBC}") = "Interpreter", "..\Interpreter\Interpreter.csproj", "{FC210EA2-27B6-4458-BF0D-9A7271757EA8}"
EndProject
Global
	GlobalSection(SolutionConfigurationPlatforms) = preSolution
		Debug|Any CPU = Debug|Any CPU
		Release|Any CPU = Release|Any CPU
	EndGlobalSection
	GlobalSection(ProjectConfigurationPlatforms) = postSolution
		{48567AC9-C716-477A-AED7-F50F2FFF65B0}.Debug|Any CPU.ActiveCfg = Debug|Any CPU
		{48567AC9-C716-477A-AED7-F50F2FFF65B0}.Debug|Any CPU.Build.0 = Debug|Any CPU
		{48567AC9-C716-477A-AED7-F50F2FFF65B0}.Release|Any CPU.ActiveCfg = Release|Any CPU
		{48567AC9-C716-477A-AED7-F50F2FFF65B0}.Release|Any CPU.Build.0 = Release|Any CPU
		{63B4ACC1-F7EE-49BA-B123-7146F5529B41}.Debug|Any CPU.ActiveCfg = Debug|Any CPU
		{63B4ACC1-F7EE-49BA-B123-7146F5529B41}.Debug|Any CPU.Build.0 = Debug|Any CPU
		{63B4ACC1-F7EE-49BA-B123-7146F5529B41}.Release|Any CPU.ActiveCfg = Release|Any CPU
		{63B4ACC1-F7EE-49BA-B123-7146F5529B41}.Release|Any CPU.Build.0 = Release|Any CPU
		{FC210EA2-27B6-4458-BF0D-9A7271757EA8}.Debug|Any CPU.ActiveCfg = Debug|Any CPU
		{FC210EA2-27B6-4458-BF0D-9A7271757EA8}.Debug|Any CPU.Build.0 = Debug|Any CPU
		{FC210EA2-27B6-4458-BF0D-9A7271757EA8}.Release|Any CPU.ActiveCfg = Release|Any CPU
		{FC210EA2-27B6-4458-BF0D-9A7271757EA8}.Release|Any CPU.Build.0 = Release|Any CPU
	EndGlobalSection
	GlobalSection(SolutionProperties) = preSolution
		HideSolutionNode = FALSE
	EndGlobalSection
	GlobalSection(ExtensibilityGlobals) = postSolution
		SolutionGuid = {EA87D2E1-E742-439C-9C05-74501FD4A305}
	EndGlobalSection
EndGlobal
